
Microsoft Visual Studio Solution File, Format Version 12.00
# Visual Studio Version 16
VisualStudioVersion = 16.0.31624.102
MinimumVisualStudioVersion = 10.0.40219.1
Project("{FAE04EC0-301F-11D3-BF4B-00C04F79EFBC}") = "Task1", "Task1\Task1.csproj", "{B7742DFA-C6B8-41EB-9DAD-8EE6371BE45D}"
EndProject
Global
	GlobalSection(SolutionConfigurationPlatforms) = preSolution
		Debug|Any CPU = Debug|Any CPU
		Release|Any CPU = Release|Any CPU
	EndGlobalSection
	GlobalSection(ProjectConfigurationPlatforms) = postSolution
		{B7742DFA-C6B8-41EB-9DAD-8EE6371BE45D}.Debug|Any CPU.ActiveCfg = Debug|Any CPU
		{B7742DFA-C6B8-41EB-9DAD-8EE6371BE45D}.Debug|Any CPU.Build.0 = Debug|Any CPU
		{B7742DFA-C6B8-41EB-9DAD-8EE6371BE45D}.Release|Any CPU.ActiveCfg = Release|Any CPU
		{B7742DFA-C6B8-41EB-9DAD-8EE6371BE45D}.Release|Any CPU.Build.0 = Release|Any CPU
	EndGlobalSection
	GlobalSection(SolutionProperties) = preSolution
		HideSolutionNode = FALSE
	EndGlobalSection
	GlobalSection(ExtensibilityGlobals) = postSolution
		SolutionGuid = {5BD36AF5-8EB3-43F3-A9B5-FED2BBEC2B82}
	EndGlobalSection
EndGlobal
