
Microsoft Visual Studio Solution File, Format Version 12.00
# Visual Studio Version 16
VisualStudioVersion = 16.0.31624.102
MinimumVisualStudioVersion = 10.0.40219.1
Project("{FAE04EC0-301F-11D3-BF4B-00C04F79EFBC}") = "Task1", "Task1\Task1.csproj", "{1392E0A4-C547-4FA4-94D7-6766850595CC}"
EndProject
Global
	GlobalSection(SolutionConfigurationPlatforms) = preSolution
		Debug|Any CPU = Debug|Any CPU
		Release|Any CPU = Release|Any CPU
	EndGlobalSection
	GlobalSection(ProjectConfigurationPlatforms) = postSolution
		{1392E0A4-C547-4FA4-94D7-6766850595CC}.Debug|Any CPU.ActiveCfg = Debug|Any CPU
		{1392E0A4-C547-4FA4-94D7-6766850595CC}.Debug|Any CPU.Build.0 = Debug|Any CPU
		{1392E0A4-C547-4FA4-94D7-6766850595CC}.Release|Any CPU.ActiveCfg = Release|Any CPU
		{1392E0A4-C547-4FA4-94D7-6766850595CC}.Release|Any CPU.Build.0 = Release|Any CPU
	EndGlobalSection
	GlobalSection(SolutionProperties) = preSolution
		HideSolutionNode = FALSE
	EndGlobalSection
	GlobalSection(ExtensibilityGlobals) = postSolution
		SolutionGuid = {A39935EC-1457-4DB6-ADCB-C0E771D1CB84}
	EndGlobalSection
EndGlobal
