
Microsoft Visual Studio Solution File, Format Version 12.00
# Visual Studio Version 16
VisualStudioVersion = 16.0.31624.102
MinimumVisualStudioVersion = 10.0.40219.1
Project("{FAE04EC0-301F-11D3-BF4B-00C04F79EFBC}") = "Task_01", "Task_01\Task_01.csproj", "{B62F18DE-05E6-448B-A87C-19951E52F0AD}"
EndProject
Global
	GlobalSection(SolutionConfigurationPlatforms) = preSolution
		Debug|Any CPU = Debug|Any CPU
		Release|Any CPU = Release|Any CPU
	EndGlobalSection
	GlobalSection(ProjectConfigurationPlatforms) = postSolution
		{B62F18DE-05E6-448B-A87C-19951E52F0AD}.Debug|Any CPU.ActiveCfg = Debug|Any CPU
		{B62F18DE-05E6-448B-A87C-19951E52F0AD}.Debug|Any CPU.Build.0 = Debug|Any CPU
		{B62F18DE-05E6-448B-A87C-19951E52F0AD}.Release|Any CPU.ActiveCfg = Release|Any CPU
		{B62F18DE-05E6-448B-A87C-19951E52F0AD}.Release|Any CPU.Build.0 = Release|Any CPU
	EndGlobalSection
	GlobalSection(SolutionProperties) = preSolution
		HideSolutionNode = FALSE
	EndGlobalSection
	GlobalSection(ExtensibilityGlobals) = postSolution
		SolutionGuid = {5B78AF8B-3E31-4DA3-BEC7-7094BFAF006B}
	EndGlobalSection
EndGlobal
