
Microsoft Visual Studio Solution File, Format Version 12.00
# Visual Studio Version 16
VisualStudioVersion = 16.0.31624.102
MinimumVisualStudioVersion = 10.0.40219.1
Project("{FAE04EC0-301F-11D3-BF4B-00C04F79EFBC}") = "Task1", "Task1\Task1.csproj", "{876A6207-ACD1-4CBE-A239-8CAE790982BA}"
EndProject
Project("{FAE04EC0-301F-11D3-BF4B-00C04F79EFBC}") = "Task2", "Task2\Task2.csproj", "{DDB60B6C-6B82-4713-9836-576FD6DA1771}"
EndProject
Global
	GlobalSection(SolutionConfigurationPlatforms) = preSolution
		Debug|Any CPU = Debug|Any CPU
		Release|Any CPU = Release|Any CPU
	EndGlobalSection
	GlobalSection(ProjectConfigurationPlatforms) = postSolution
		{876A6207-ACD1-4CBE-A239-8CAE790982BA}.Debug|Any CPU.ActiveCfg = Debug|Any CPU
		{876A6207-ACD1-4CBE-A239-8CAE790982BA}.Debug|Any CPU.Build.0 = Debug|Any CPU
		{876A6207-ACD1-4CBE-A239-8CAE790982BA}.Release|Any CPU.ActiveCfg = Release|Any CPU
		{876A6207-ACD1-4CBE-A239-8CAE790982BA}.Release|Any CPU.Build.0 = Release|Any CPU
		{DDB60B6C-6B82-4713-9836-576FD6DA1771}.Debug|Any CPU.ActiveCfg = Debug|Any CPU
		{DDB60B6C-6B82-4713-9836-576FD6DA1771}.Debug|Any CPU.Build.0 = Debug|Any CPU
		{DDB60B6C-6B82-4713-9836-576FD6DA1771}.Release|Any CPU.ActiveCfg = Release|Any CPU
		{DDB60B6C-6B82-4713-9836-576FD6DA1771}.Release|Any CPU.Build.0 = Release|Any CPU
	EndGlobalSection
	GlobalSection(SolutionProperties) = preSolution
		HideSolutionNode = FALSE
	EndGlobalSection
	GlobalSection(ExtensibilityGlobals) = postSolution
		SolutionGuid = {281C120C-C1B7-4792-A84F-2E623BA01040}
	EndGlobalSection
EndGlobal
