
Microsoft Visual Studio Solution File, Format Version 12.00
# Visual Studio Version 16
VisualStudioVersion = 16.0.31624.102
MinimumVisualStudioVersion = 10.0.40219.1
Project("{FAE04EC0-301F-11D3-BF4B-00C04F79EFBC}") = "WpfApp1", "WpfApp1\WpfApp1.csproj", "{A13C29C3-9DA4-42CA-9572-9C05506E5500}"
EndProject
Project("{FAE04EC0-301F-11D3-BF4B-00C04F79EFBC}") = "Task_02", "Task_02\Task_02.csproj", "{9F1BF36F-990B-4F25-AC5E-D520ECADA7DA}"
EndProject
Project("{FAE04EC0-301F-11D3-BF4B-00C04F79EFBC}") = "Task_03", "Task_03\Task_03.csproj", "{C90D4A7F-59AB-4B3D-888B-5F2B3E253A9D}"
EndProject
Global
	GlobalSection(SolutionConfigurationPlatforms) = preSolution
		Debug|Any CPU = Debug|Any CPU
		Release|Any CPU = Release|Any CPU
	EndGlobalSection
	GlobalSection(ProjectConfigurationPlatforms) = postSolution
		{A13C29C3-9DA4-42CA-9572-9C05506E5500}.Debug|Any CPU.ActiveCfg = Debug|Any CPU
		{A13C29C3-9DA4-42CA-9572-9C05506E5500}.Debug|Any CPU.Build.0 = Debug|Any CPU
		{A13C29C3-9DA4-42CA-9572-9C05506E5500}.Release|Any CPU.ActiveCfg = Release|Any CPU
		{A13C29C3-9DA4-42CA-9572-9C05506E5500}.Release|Any CPU.Build.0 = Release|Any CPU
		{9F1BF36F-990B-4F25-AC5E-D520ECADA7DA}.Debug|Any CPU.ActiveCfg = Debug|Any CPU
		{9F1BF36F-990B-4F25-AC5E-D520ECADA7DA}.Debug|Any CPU.Build.0 = Debug|Any CPU
		{9F1BF36F-990B-4F25-AC5E-D520ECADA7DA}.Release|Any CPU.ActiveCfg = Release|Any CPU
		{9F1BF36F-990B-4F25-AC5E-D520ECADA7DA}.Release|Any CPU.Build.0 = Release|Any CPU
		{C90D4A7F-59AB-4B3D-888B-5F2B3E253A9D}.Debug|Any CPU.ActiveCfg = Debug|Any CPU
		{C90D4A7F-59AB-4B3D-888B-5F2B3E253A9D}.Debug|Any CPU.Build.0 = Debug|Any CPU
		{C90D4A7F-59AB-4B3D-888B-5F2B3E253A9D}.Release|Any CPU.ActiveCfg = Release|Any CPU
		{C90D4A7F-59AB-4B3D-888B-5F2B3E253A9D}.Release|Any CPU.Build.0 = Release|Any CPU
	EndGlobalSection
	GlobalSection(SolutionProperties) = preSolution
		HideSolutionNode = FALSE
	EndGlobalSection
	GlobalSection(ExtensibilityGlobals) = postSolution
		SolutionGuid = {816EB102-6996-4CEC-849B-552246B069EB}
	EndGlobalSection
EndGlobal
